<?xml version="1.0" encoding="utf-8"?>
<Project ToolsVersion="4.0" xmlns="http://schemas.microsoft.com/developer/msbuild/2003">
  <ItemGroup>
    <Filter Include="Source Files">
      <UniqueIdentifier>{4FC737F1-C7A5-4376-A066-2A32D752A2FF}</UniqueIdentifier>
      <Extensions>cpp;c;cc;cxx;c++;cppm;ixx;def;odl;idl;hpj;bat;asm;asmx</Extensions>
    </Filter>
    <Filter Include="Header Files">
      <UniqueIdentifier>{93995380-89BD-4b04-88EB-625FBE52EBFB}</UniqueIdentifier>
      <Extensions>h;hh;hpp;hxx;h++;hm;inl;inc;ipp;xsd</Extensions>
    </Filter>
    <Filter Include="Resource Files">
      <UniqueIdentifier>{67DA6AB6-F800-4c08-8B7A-83BB121AAD01}</UniqueIdentifier>
      <Extensions>rc;ico;cur;bmp;dlg;rc2;rct;bin;rgs;gif;jpg;jpeg;jpe;resx;tiff;tif;png;wav;mfcribbon-ms</Extensions>
    </Filter>
    <Filter Include="Core">
      <UniqueIdentifier>{78ca8dd9-2015-4548-b7a9-490f7ffcd362}</UniqueIdentifier>
    </Filter>
    <Filter Include="Core\Renderer">
      <UniqueIdentifier>{0d3cc5ab-cc3b-42d1-80d2-24aa27d1234d}</UniqueIdentifier>
    </Filter>
    <Filter Include="Core\Drawing">
      <UniqueIdentifier>{ad686eb4-08bb-4efd-b438-3cad7438dd8e}</UniqueIdentifier>
    </Filter>
    <Filter Include="Core\Utility">
      <UniqueIdentifier>{abfd7856-9aef-4b63-935b-76cec905b9cc}</UniqueIdentifier>
    </Filter>
    <Filter Include="Dependencies">
      <UniqueIdentifier>{68efde0b-0e96-4043-921e-b3eb49fc2a97}</UniqueIdentifier>
    </Filter>
    <Filter Include="Dependencies\SDK">
      <UniqueIdentifier>{f285fc6b-d385-4377-9d69-a9f7c4c9592c}</UniqueIdentifier>
    </Filter>
    <Filter Include="Miscellaneous">
      <UniqueIdentifier>{224fedad-6bc6-45e4-87d9-220a9ebf32a2}</UniqueIdentifier>
    </Filter>
    <Filter Include="Core\Frontend">
      <UniqueIdentifier>{768f6b0a-f3a4-457f-a1cf-90bda15a9c9e}</UniqueIdentifier>
    </Filter>
    <Filter Include="Core\ILM">
      <UniqueIdentifier>{078ceb81-992d-48b7-a5be-da41cb523745}</UniqueIdentifier>
    </Filter>
    <Filter Include="Core\Hooking">
      <UniqueIdentifier>{5769412c-f590-4913-8cfa-12033c05419b}</UniqueIdentifier>
    </Filter>
    <Filter Include="Dependencies\Hooks">
      <UniqueIdentifier>{d6e83bc6-5e26-4dba-ae3f-6c5545e9a246}</UniqueIdentifier>
    </Filter>
    <Filter Include="Dependencies\Maths">
      <UniqueIdentifier>{505a4b21-733f-4ade-9d29-a366ecc5d12f}</UniqueIdentifier>
    </Filter>
    <Filter Include="Dependencies\Maths\Vectors">
      <UniqueIdentifier>{51861930-da91-4c18-9c58-751950968fc0}</UniqueIdentifier>
    </Filter>
    <Filter Include="Dependencies\Maths\Matrix">
      <UniqueIdentifier>{050294d2-47bf-4293-89d2-569337a11e5c}</UniqueIdentifier>
    </Filter>
    <Filter Include="Core\Hashing">
      <UniqueIdentifier>{c92f9fcc-34b3-4e13-afbf-bd40c0436813}</UniqueIdentifier>
    </Filter>
    <Filter Include="Core\Security">
      <UniqueIdentifier>{1c6150b9-75cb-43ca-9231-201e240ca52a}</UniqueIdentifier>
    </Filter>
    <Filter Include="Core\HWID">
      <UniqueIdentifier>{c3330bf2-6110-422a-8118-5c6226fd67fb}</UniqueIdentifier>
    </Filter>
  </ItemGroup>
  <ItemGroup>
    <ClInclude Include="Frontend\Renderer\Renderer.h">
      <Filter>Core\Renderer</Filter>
    </ClInclude>
    <ClInclude Include="Backend\Features\Visuals\Render.h">
      <Filter>Core\Renderer</Filter>
    </ClInclude>
    <ClInclude Include="Frontend\Menu\Menu.h">
      <Filter>Core\Frontend</Filter>
    </ClInclude>
    <ClInclude Include="Frontend\Framework\MenuFramework.h">
      <Filter>Core\ILM</Filter>
    </ClInclude>
    <ClInclude Include="Backend\Features\Visuals\ESP.h">
      <Filter>Miscellaneous</Filter>
    </ClInclude>
    <ClInclude Include="Backend\Features\Visuals\EventLogger.h">
      <Filter>Miscellaneous</Filter>
    </ClInclude>
    <ClInclude Include="Backend\Misc\Fonts\Fonts.h">
      <Filter>Core\Utility</Filter>
    </ClInclude>
    <ClInclude Include="Backend\Misc\Textures\Textures.h">
      <Filter>Core\Utility</Filter>
    </ClInclude>
    <ClInclude Include="Backend\ValveSDK\color.h">
      <Filter>Dependencies\SDK</Filter>
    </ClInclude>
    <ClInclude Include="Frontend\Renderer\color.h">
      <Filter>Core\Utility</Filter>
    </ClInclude>
    <ClInclude Include="Backend\Globalincludes.h">
      <Filter>Core</Filter>
    </ClInclude>
    <ClInclude Include="Backend\Utilities\Utilities.h">
      <Filter>Core\Utility</Filter>
    </ClInclude>
    <ClInclude Include="Backend\Config\Settings.h">
      <Filter>Core</Filter>
    </ClInclude>
    <ClInclude Include="Backend\Hooks\EndScene.hpp">
      <Filter>Core\Hooking</Filter>
    </ClInclude>
    <ClInclude Include="Backend\Hooks\WndProc.hpp">
      <Filter>Core\Hooking</Filter>
    </ClInclude>
    <ClInclude Include="Backend\Config\Config.h">
      <Filter>Core</Filter>
    </ClInclude>
    <ClInclude Include="Backend\Main\Memory.h">
      <Filter>Dependencies\Hooks</Filter>
    </ClInclude>
    <ClInclude Include="Backend\ValveSDK\VMatrix.h">
      <Filter>Dependencies\Maths\Matrix</Filter>
    </ClInclude>
    <ClInclude Include="Backend\ValveSDK\Vector.h">
      <Filter>Dependencies\Maths\Vectors</Filter>
    </ClInclude>
    <ClInclude Include="Backend\ValveSDK\IEntityList.h">
      <Filter>Dependencies\SDK</Filter>
    </ClInclude>
    <ClInclude Include="Backend\ValveSDK\vfunc.h">
      <Filter>Dependencies\SDK</Filter>
    </ClInclude>
    <ClInclude Include="Backend\Interfaces\Interfaces.h">
      <Filter>Dependencies\Hooks</Filter>
    </ClInclude>
    <ClInclude Include="Backend\ValveSDK\IPanel.h">
      <Filter>Dependencies\Hooks</Filter>
    </ClInclude>
    <ClInclude Include="Backend\ValveSDK\ISurface.h">
      <Filter>Dependencies\Hooks</Filter>
    </ClInclude>
    <ClInclude Include="Backend\Hooks\LockCursor.hpp">
      <Filter>Dependencies\Hooks</Filter>
    </ClInclude>
    <ClInclude Include="Backend\Hooks\PaintTraverse.hpp">
      <Filter>Dependencies\Hooks</Filter>
    </ClInclude>
    <ClInclude Include="Backend\ValveSDK\IEngine.h">
      <Filter>Dependencies\Hooks</Filter>
    </ClInclude>
    <ClInclude Include="Backend\ValveSDK\ICvar.h">
      <Filter>Dependencies\Hooks</Filter>
    </ClInclude>
    <ClInclude Include="Backend\ValveSDK\IClient.h">
      <Filter>Dependencies\Hooks</Filter>
    </ClInclude>
    <ClInclude Include="Backend\ValveSDK\CGlobalVars.h">
      <Filter>Dependencies\Hooks</Filter>
    </ClInclude>
    <ClInclude Include="Backend\ValveSDK\CBaseEntity.h">
      <Filter>Dependencies\Hooks</Filter>
    </ClInclude>
    <ClInclude Include="Backend\Main\Main.h" />
    <ClInclude Include="Backend\Definitions.h">
      <Filter>Dependencies\SDK</Filter>
    </ClInclude>
    <ClInclude Include="Backend\ValveSDK\NetVar.h">
      <Filter>Dependencies\SDK</Filter>
    </ClInclude>
    <ClInclude Include="Backend\ValveSDK\RecvData.h">
      <Filter>Dependencies\SDK</Filter>
    </ClInclude>
    <ClInclude Include="Backend\Misc\singleton.h">
      <Filter>Dependencies</Filter>
    </ClInclude>
    <ClInclude Include="xorstr.h">
      <Filter>Core\Hashing</Filter>
    </ClInclude>
    <ClInclude Include="aes256.hpp">
      <Filter>Core\Security</Filter>
    </ClInclude>
    <ClInclude Include="base64.h">
      <Filter>Core\Security</Filter>
    </ClInclude>
    <ClInclude Include="blowfish.h">
      <Filter>Core\Security</Filter>
    </ClInclude>
    <ClInclude Include="HWID.h">
      <Filter>Core\HWID</Filter>
    </ClInclude>
    <ClInclude Include="lazyimports.h">
      <Filter>Core\HWID</Filter>
    </ClInclude>
    <ClInclude Include="sha1.hpp">
      <Filter>Core\HWID</Filter>
    </ClInclude>
    <ClInclude Include="singleton.h">
      <Filter>Core\HWID</Filter>
    </ClInclude>
  </ItemGroup>
  <ItemGroup>
    <ClCompile Include="Backend\Main\Memory.cpp">
      <Filter>Source Files</Filter>
    </ClCompile>
    <ClCompile Include="Backend\Definitions.cpp">
      <Filter>Source Files</Filter>
    </ClCompile>
    <ClCompile Include="Backend\Utilities\Utilities.cpp">
      <Filter>Core\Utility</Filter>
    </ClCompile>
    <ClCompile Include="Backend\Config\Settings.cpp">
      <Filter>Core</Filter>
    </ClCompile>
    <ClCompile Include="Backend\ValveSDK\NetVar.cpp">
      <Filter>Dependencies\SDK</Filter>
    </ClCompile>
    <ClCompile Include="Backend\Config\Config.cpp">
      <Filter>Core</Filter>
    </ClCompile>
    <ClCompile Include="Backend\Interfaces\Interfaces.cpp">
      <Filter>Dependencies\SDK</Filter>
    </ClCompile>
    <ClCompile Include="Backend\Features\Visuals\Render.cpp">
      <Filter>Core\Renderer</Filter>
    </ClCompile>
    <ClCompile Include="Frontend\Renderer\Renderer.cpp">
      <Filter>Core\Renderer</Filter>
    </ClCompile>
    <ClCompile Include="Backend\Globalincludes.cpp">
      <Filter>Core</Filter>
    </ClCompile>
    <ClCompile Include="Frontend\Menu\Menu.cpp">
      <Filter>Core\Frontend</Filter>
    </ClCompile>
    <ClCompile Include="Frontend\Framework\MenuFramework.cpp">
      <Filter>Core\ILM</Filter>
    </ClCompile>
    <ClCompile Include="Backend\Features\Visuals\EventLogger.cpp">
      <Filter>Miscellaneous</Filter>
    </ClCompile>
    <ClCompile Include="Backend\Features\Visuals\ESP.cpp">
      <Filter>Miscellaneous</Filter>
    </ClCompile>
    <ClCompile Include="Backend\Misc\Fonts\Fonts.cpp">
      <Filter>Core\Utility</Filter>
    </ClCompile>
    <ClCompile Include="Backend\Misc\Textures\Textures.cpp">
      <Filter>Core\Utility</Filter>
    </ClCompile>
    <ClCompile Include="Backend\Main\Main.cpp" />
    <ClCompile Include="aes256.cpp">
      <Filter>Core\Security</Filter>
    </ClCompile>
    <ClCompile Include="base64.cpp">
      <Filter>Core\Security</Filter>
    </ClCompile>
    <ClCompile Include="blowfish.cpp">
      <Filter>Core\Security</Filter>
    </ClCompile>
    <ClCompile Include="HWID.cpp">
      <Filter>Core\HWID</Filter>
    </ClCompile>
  </ItemGroup>
</Project>